
Microsoft Visual Studio Solution File, Format Version 12.00
# Visual Studio Version 17
VisualStudioVersion = 17.2.32616.157
MinimumVisualStudioVersion = 10.0.40219.1
Project("{9A19103F-16F7-4668-BE54-9A1E7A4F7556}") = "01. The Imitation Game", "01. The Imitation Game\01. The Imitation Game.csproj", "{0FA33775-5D30-4A43-A621-D973714D9978}"
EndProject
Project("{9A19103F-16F7-4668-BE54-9A1E7A4F7556}") = "03. The Pianist", "03. The Pianist\03. The Pianist.csproj", "{BAF90F12-21B6-4E73-B339-E737205AD5FF}"
EndProject
Project("{9A19103F-16F7-4668-BE54-9A1E7A4F7556}") = "01. World Tour", "01. World Tour\01. World Tour.csproj", "{F9C28ACF-92AA-43E0-8F19-9D5CD7555634}"
EndProject
Project("{9A19103F-16F7-4668-BE54-9A1E7A4F7556}") = "03. Plant Discovery", "03. Plant Discovery\03. Plant Discovery.csproj", "{EF2111A6-0F3C-48C2-AAA2-4D45752BD75A}"
EndProject
Project("{9A19103F-16F7-4668-BE54-9A1E7A4F7556}") = "01. Secret Chat", "01. Secret Chat\01. Secret Chat.csproj", "{6D6258B2-4A7C-40AA-9081-1BD264327E03}"
EndProject
Project("{9A19103F-16F7-4668-BE54-9A1E7A4F7556}") = "03. Need for Speed III", "03. Need for Speed III\03. Need for Speed III.csproj", "{C5435615-C197-427B-84B4-9910B8D0B5D7}"
EndProject
Project("{9A19103F-16F7-4668-BE54-9A1E7A4F7556}") = "01. Password Reset", "01. Password Reset\01. Password Reset.csproj", "{599A599B-CD99-4D2F-AF9B-6E102E2DBE51}"
EndProject
Project("{9A19103F-16F7-4668-BE54-9A1E7A4F7556}") = "02. Ad Astra", "02. Ad Astra\02. Ad Astra.csproj", "{34371A0E-80A9-4320-A3CE-90B8D2797CC4}"
EndProject
Project("{9A19103F-16F7-4668-BE54-9A1E7A4F7556}") = "02. Destination Mapper", "02. Destination Mapper\02. Destination Mapper.csproj", "{0EDDB8F9-E073-49F2-810B-7DFF745FD060}"
EndProject
Project("{9A19103F-16F7-4668-BE54-9A1E7A4F7556}") = "02. Mirror Words", "02. Mirror Words\02. Mirror Words.csproj", "{2EC7CCB3-A404-4E52-8261-357DDA2C4327}"
EndProject
Project("{9A19103F-16F7-4668-BE54-9A1E7A4F7556}") = "02. Fancy Barcodes", "02. Fancy Barcodes\02. Fancy Barcodes.csproj", "{54A6B9F3-6878-46D5-87D6-CAB8CE853064}"
EndProject
Project("{9A19103F-16F7-4668-BE54-9A1E7A4F7556}") = "03. Heroes of Code and Logic VII", "03. Heroes of Code and Logic VII\03. Heroes of Code and Logic VII.csproj", "{D69F27C0-D97D-4C27-9480-9C0874050D38}"
EndProject
Project("{9A19103F-16F7-4668-BE54-9A1E7A4F7556}") = "01. Activation Keys", "01. Activation Keys\01. Activation Keys.csproj", "{C38A4218-E41E-403A-960F-C4D4C81B17F9}"
EndProject
Project("{9A19103F-16F7-4668-BE54-9A1E7A4F7556}") = "02. Emoji Detector", "02. Emoji Detector\02. Emoji Detector.csproj", "{E9FDEFF3-C0A1-43E2-8915-66D4A31FF124}"
EndProject
Project("{9A19103F-16F7-4668-BE54-9A1E7A4F7556}") = "03. P!rates", "03. P!rates\03. P!rates.csproj", "{387F99A5-B138-46C4-81E2-55F205117E97}"
EndProject
Project("{9A19103F-16F7-4668-BE54-9A1E7A4F7556}") = "test", "test\test.csproj", "{9A4FAB48-1BBA-43E2-90DE-0C8689A1B9D3}"
EndProject
Project("{FAE04EC0-301F-11D3-BF4B-00C04F79EFBC}") = "01. Hogwarts", "01. Hogwarts\01. Hogwarts.csproj", "{827BB0D2-0164-4D34-827A-76FCACE4B2DC}"
EndProject
Project("{FAE04EC0-301F-11D3-BF4B-00C04F79EFBC}") = "02. Message Decrypter", "02. Message Decrypter\02. Message Decrypter.csproj", "{220D11CC-B5A9-4901-A604-25DEB6EDF190}"
EndProject
Project("{FAE04EC0-301F-11D3-BF4B-00C04F79EFBC}") = "03. Messages Manager", "03. Messages Manager\03. Messages Manager.csproj", "{8EF5EAF1-DA07-4CCE-8331-F3C1A375BEF1}"
EndProject
Global
	GlobalSection(SolutionConfigurationPlatforms) = preSolution
		Debug|Any CPU = Debug|Any CPU
		Release|Any CPU = Release|Any CPU
	EndGlobalSection
	GlobalSection(ProjectConfigurationPlatforms) = postSolution
		{0FA33775-5D30-4A43-A621-D973714D9978}.Debug|Any CPU.ActiveCfg = Debug|Any CPU
		{0FA33775-5D30-4A43-A621-D973714D9978}.Debug|Any CPU.Build.0 = Debug|Any CPU
		{0FA33775-5D30-4A43-A621-D973714D9978}.Release|Any CPU.ActiveCfg = Release|Any CPU
		{0FA33775-5D30-4A43-A621-D973714D9978}.Release|Any CPU.Build.0 = Release|Any CPU
		{BAF90F12-21B6-4E73-B339-E737205AD5FF}.Debug|Any CPU.ActiveCfg = Debug|Any CPU
		{BAF90F12-21B6-4E73-B339-E737205AD5FF}.Debug|Any CPU.Build.0 = Debug|Any CPU
		{BAF90F12-21B6-4E73-B339-E737205AD5FF}.Release|Any CPU.ActiveCfg = Release|Any CPU
		{BAF90F12-21B6-4E73-B339-E737205AD5FF}.Release|Any CPU.Build.0 = Release|Any CPU
		{F9C28ACF-92AA-43E0-8F19-9D5CD7555634}.Debug|Any CPU.ActiveCfg = Debug|Any CPU
		{F9C28ACF-92AA-43E0-8F19-9D5CD7555634}.Debug|Any CPU.Build.0 = Debug|Any CPU
		{F9C28ACF-92AA-43E0-8F19-9D5CD7555634}.Release|Any CPU.ActiveCfg = Release|Any CPU
		{F9C28ACF-92AA-43E0-8F19-9D5CD7555634}.Release|Any CPU.Build.0 = Release|Any CPU
		{EF2111A6-0F3C-48C2-AAA2-4D45752BD75A}.Debug|Any CPU.ActiveCfg = Debug|Any CPU
		{EF2111A6-0F3C-48C2-AAA2-4D45752BD75A}.Debug|Any CPU.Build.0 = Debug|Any CPU
		{EF2111A6-0F3C-48C2-AAA2-4D45752BD75A}.Release|Any CPU.ActiveCfg = Release|Any CPU
		{EF2111A6-0F3C-48C2-AAA2-4D45752BD75A}.Release|Any CPU.Build.0 = Release|Any CPU
		{6D6258B2-4A7C-40AA-9081-1BD264327E03}.Debug|Any CPU.ActiveCfg = Debug|Any CPU
		{6D6258B2-4A7C-40AA-9081-1BD264327E03}.Debug|Any CPU.Build.0 = Debug|Any CPU
		{6D6258B2-4A7C-40AA-9081-1BD264327E03}.Release|Any CPU.ActiveCfg = Release|Any CPU
		{6D6258B2-4A7C-40AA-9081-1BD264327E03}.Release|Any CPU.Build.0 = Release|Any CPU
		{C5435615-C197-427B-84B4-9910B8D0B5D7}.Debug|Any CPU.ActiveCfg = Debug|Any CPU
		{C5435615-C197-427B-84B4-9910B8D0B5D7}.Debug|Any CPU.Build.0 = Debug|Any CPU
		{C5435615-C197-427B-84B4-9910B8D0B5D7}.Release|Any CPU.ActiveCfg = Release|Any CPU
		{C5435615-C197-427B-84B4-9910B8D0B5D7}.Release|Any CPU.Build.0 = Release|Any CPU
		{599A599B-CD99-4D2F-AF9B-6E102E2DBE51}.Debug|Any CPU.ActiveCfg = Debug|Any CPU
		{599A599B-CD99-4D2F-AF9B-6E102E2DBE51}.Debug|Any CPU.Build.0 = Debug|Any CPU
		{599A599B-CD99-4D2F-AF9B-6E102E2DBE51}.Release|Any CPU.ActiveCfg = Release|Any CPU
		{599A599B-CD99-4D2F-AF9B-6E102E2DBE51}.Release|Any CPU.Build.0 = Release|Any CPU
		{34371A0E-80A9-4320-A3CE-90B8D2797CC4}.Debug|Any CPU.ActiveCfg = Debug|Any CPU
		{34371A0E-80A9-4320-A3CE-90B8D2797CC4}.Debug|Any CPU.Build.0 = Debug|Any CPU
		{34371A0E-80A9-4320-A3CE-90B8D2797CC4}.Release|Any CPU.ActiveCfg = Release|Any CPU
		{34371A0E-80A9-4320-A3CE-90B8D2797CC4}.Release|Any CPU.Build.0 = Release|Any CPU
		{0EDDB8F9-E073-49F2-810B-7DFF745FD060}.Debug|Any CPU.ActiveCfg = Debug|Any CPU
		{0EDDB8F9-E073-49F2-810B-7DFF745FD060}.Debug|Any CPU.Build.0 = Debug|Any CPU
		{0EDDB8F9-E073-49F2-810B-7DFF745FD060}.Release|Any CPU.ActiveCfg = Release|Any CPU
		{0EDDB8F9-E073-49F2-810B-7DFF745FD060}.Release|Any CPU.Build.0 = Release|Any CPU
		{2EC7CCB3-A404-4E52-8261-357DDA2C4327}.Debug|Any CPU.ActiveCfg = Debug|Any CPU
		{2EC7CCB3-A404-4E52-8261-357DDA2C4327}.Debug|Any CPU.Build.0 = Debug|Any CPU
		{2EC7CCB3-A404-4E52-8261-357DDA2C4327}.Release|Any CPU.ActiveCfg = Release|Any CPU
		{2EC7CCB3-A404-4E52-8261-357DDA2C4327}.Release|Any CPU.Build.0 = Release|Any CPU
		{54A6B9F3-6878-46D5-87D6-CAB8CE853064}.Debug|Any CPU.ActiveCfg = Debug|Any CPU
		{54A6B9F3-6878-46D5-87D6-CAB8CE853064}.Debug|Any CPU.Build.0 = Debug|Any CPU
		{54A6B9F3-6878-46D5-87D6-CAB8CE853064}.Release|Any CPU.ActiveCfg = Release|Any CPU
		{54A6B9F3-6878-46D5-87D6-CAB8CE853064}.Release|Any CPU.Build.0 = Release|Any CPU
		{D69F27C0-D97D-4C27-9480-9C0874050D38}.Debug|Any CPU.ActiveCfg = Debug|Any CPU
		{D69F27C0-D97D-4C27-9480-9C0874050D38}.Debug|Any CPU.Build.0 = Debug|Any CPU
		{D69F27C0-D97D-4C27-9480-9C0874050D38}.Release|Any CPU.ActiveCfg = Release|Any CPU
		{D69F27C0-D97D-4C27-9480-9C0874050D38}.Release|Any CPU.Build.0 = Release|Any CPU
		{C38A4218-E41E-403A-960F-C4D4C81B17F9}.Debug|Any CPU.ActiveCfg = Debug|Any CPU
		{C38A4218-E41E-403A-960F-C4D4C81B17F9}.Debug|Any CPU.Build.0 = Debug|Any CPU
		{C38A4218-E41E-403A-960F-C4D4C81B17F9}.Release|Any CPU.ActiveCfg = Release|Any CPU
		{C38A4218-E41E-403A-960F-C4D4C81B17F9}.Release|Any CPU.Build.0 = Release|Any CPU
		{E9FDEFF3-C0A1-43E2-8915-66D4A31FF124}.Debug|Any CPU.ActiveCfg = Debug|Any CPU
		{E9FDEFF3-C0A1-43E2-8915-66D4A31FF124}.Debug|Any CPU.Build.0 = Debug|Any CPU
		{E9FDEFF3-C0A1-43E2-8915-66D4A31FF124}.Release|Any CPU.ActiveCfg = Release|Any CPU
		{E9FDEFF3-C0A1-43E2-8915-66D4A31FF124}.Release|Any CPU.Build.0 = Release|Any CPU
		{387F99A5-B138-46C4-81E2-55F205117E97}.Debug|Any CPU.ActiveCfg = Debug|Any CPU
		{387F99A5-B138-46C4-81E2-55F205117E97}.Debug|Any CPU.Build.0 = Debug|Any CPU
		{387F99A5-B138-46C4-81E2-55F205117E97}.Release|Any CPU.ActiveCfg = Release|Any CPU
		{387F99A5-B138-46C4-81E2-55F205117E97}.Release|Any CPU.Build.0 = Release|Any CPU
		{9A4FAB48-1BBA-43E2-90DE-0C8689A1B9D3}.Debug|Any CPU.ActiveCfg = Debug|Any CPU
		{9A4FAB48-1BBA-43E2-90DE-0C8689A1B9D3}.Debug|Any CPU.Build.0 = Debug|Any CPU
		{9A4FAB48-1BBA-43E2-90DE-0C8689A1B9D3}.Release|Any CPU.ActiveCfg = Release|Any CPU
		{9A4FAB48-1BBA-43E2-90DE-0C8689A1B9D3}.Release|Any CPU.Build.0 = Release|Any CPU
		{827BB0D2-0164-4D34-827A-76FCACE4B2DC}.Debug|Any CPU.ActiveCfg = Debug|Any CPU
		{827BB0D2-0164-4D34-827A-76FCACE4B2DC}.Debug|Any CPU.Build.0 = Debug|Any CPU
		{827BB0D2-0164-4D34-827A-76FCACE4B2DC}.Release|Any CPU.ActiveCfg = Release|Any CPU
		{827BB0D2-0164-4D34-827A-76FCACE4B2DC}.Release|Any CPU.Build.0 = Release|Any CPU
		{220D11CC-B5A9-4901-A604-25DEB6EDF190}.Debug|Any CPU.ActiveCfg = Debug|Any CPU
		{220D11CC-B5A9-4901-A604-25DEB6EDF190}.Debug|Any CPU.Build.0 = Debug|Any CPU
		{220D11CC-B5A9-4901-A604-25DEB6EDF190}.Release|Any CPU.ActiveCfg = Release|Any CPU
		{220D11CC-B5A9-4901-A604-25DEB6EDF190}.Release|Any CPU.Build.0 = Release|Any CPU
		{8EF5EAF1-DA07-4CCE-8331-F3C1A375BEF1}.Debug|Any CPU.ActiveCfg = Debug|Any CPU
		{8EF5EAF1-DA07-4CCE-8331-F3C1A375BEF1}.Debug|Any CPU.Build.0 = Debug|Any CPU
		{8EF5EAF1-DA07-4CCE-8331-F3C1A375BEF1}.Release|Any CPU.ActiveCfg = Release|Any CPU
		{8EF5EAF1-DA07-4CCE-8331-F3C1A375BEF1}.Release|Any CPU.Build.0 = Release|Any CPU
	EndGlobalSection
	GlobalSection(SolutionProperties) = preSolution
		HideSolutionNode = FALSE
	EndGlobalSection
	GlobalSection(ExtensibilityGlobals) = postSolution
		SolutionGuid = {EF141680-69E8-4F17-9476-AAD186E52B2A}
	EndGlobalSection
EndGlobal
